{
  "pins" : [
    {
      "identity" : "vungleadssdk-swiftpackagemanager",
      "kind" : "remoteSourceControl",
      "location" : "https://github.com/Vungle/VungleAdsSDK-SwiftPackageManager.git",
      "state" : {
        "revision" : "1c4ced23357391bec3d55e5a8921d4f2dbc2fa8b",
        "version" : "7.5.2"
      }
    }
  ],
  "version" : 2
}
