{
  "pins" : [
    {
      "identity" : "vungleadssdk-swiftpackagemanager",
      "kind" : "remoteSourceControl",
      "location" : "https://github.com/Vungle/VungleAdsSDK-SwiftPackageManager.git",
      "state" : {
        "revision" : "73e7f5cb0541f2040ca5e4fe17c159f18202ea6d",
        "version" : "7.7.2"
      }
    }
  ],
  "version" : 2
}
